// !$*UTF8*$!
{
	archiveVersion = 1;
	classes = {
	};
	objectVersion = 46;
	objects = {

/* Begin PBXBuildFile section */
		695194901BFDFD7700C0E8C3 /* main.m in Sources */ = {isa = PBXBuildFile; fileRef = 6951948F1BFDFD7700C0E8C3 /* main.m */; };
		695194931BFDFD7700C0E8C3 /* AppDelegate.m in Sources */ = {isa = PBXBuildFile; fileRef = 695194921BFDFD7700C0E8C3 /* AppDelegate.m */; };
		695194961BFDFD7700C0E8C3 /* ViewController.m in Sources */ = {isa = PBXBuildFile; fileRef = 695194951BFDFD7700C0E8C3 /* ViewController.m */; };
		695194991BFDFD7700C0E8C3 /* Main.storyboard in Resources */ = {isa = PBXBuildFile; fileRef = 695194971BFDFD7700C0E8C3 /* Main.storyboard */; };
		6951949B1BFDFD7700C0E8C3 /* Images.xcassets in Resources */ = {isa = PBXBuildFile; fileRef = 6951949A1BFDFD7700C0E8C3 /* Images.xcassets */; };
		6951949E1BFDFD7700C0E8C3 /* LaunchScreen.xib in Resources */ = {isa = PBXBuildFile; fileRef = 6951949C1BFDFD7700C0E8C3 /* LaunchScreen.xib */; };
		695194AA1BFDFD7700C0E8C3 /* WeatherForecastTests.m in Sources */ = {isa = PBXBuildFile; fileRef = 695194A91BFDFD7700C0E8C3 /* WeatherForecastTests.m */; };
		695194B91BFDFF2100C0E8C3 /* weather.m in Sources */ = {isa = PBXBuildFile; fileRef = 695194B51BFDFF2100C0E8C3 /* weather.m */; };
		695194BA1BFDFF2100C0E8C3 /* WeatherService.m in Sources */ = {isa = PBXBuildFile; fileRef = 695194B81BFDFF2100C0E8C3 /* WeatherService.m */; };
/* End PBXBuildFile section */

/* Begin PBXContainerItemProxy section */
		695194A41BFDFD7700C0E8C3 /* PBXContainerItemProxy */ = {
			isa = PBXContainerItemProxy;
			containerPortal = 695194821BFDFD7700C0E8C3 /* Project object */;
			proxyType = 1;
			remoteGlobalIDString = 695194891BFDFD7700C0E8C3;
			remoteInfo = WeatherForecast;
		};
/* End PBXContainerItemProxy section */

/* Begin PBXFileReference section */
		6951948A1BFDFD7700C0E8C3 /* WeatherForecast.app */ = {isa = PBXFileReference; explicitFileType = wrapper.application; includeInIndex = 0; path = WeatherForecast.app; sourceTree = BUILT_PRODUCTS_DIR; };
		6951948E1BFDFD7700C0E8C3 /* Info.plist */ = {isa = PBXFileReference; lastKnownFileType = text.plist.xml; path = Info.plist; sourceTree = "<group>"; };
		6951948F1BFDFD7700C0E8C3 /* main.m */ = {isa = PBXFileReference; lastKnownFileType = sourcecode.c.objc; path = main.m; sourceTree = "<group>"; };
		695194911BFDFD7700C0E8C3 /* AppDelegate.h */ = {isa = PBXFileReference; lastKnownFileType = sourcecode.c.h; path = AppDelegate.h; sourceTree = "<group>"; };
		695194921BFDFD7700C0E8C3 /* AppDelegate.m */ = {isa = PBXFileReference; lastKnownFileType = sourcecode.c.objc; path = AppDelegate.m; sourceTree = "<group>"; };
		695194941BFDFD7700C0E8C3 /* ViewController.h */ = {isa = PBXFileReference; lastKnownFileType = sourcecode.c.h; path = ViewController.h; sourceTree = "<group>"; };
		695194951BFDFD7700C0E8C3 /* ViewController.m */ = {isa = PBXFileReference; lastKnownFileType = sourcecode.c.objc; path = ViewController.m; sourceTree = "<group>"; };
		695194981BFDFD7700C0E8C3 /* Base */ = {isa = PBXFileReference; lastKnownFileType = file.storyboard; name = Base; path = Base.lproj/Main.storyboard; sourceTree = "<group>"; };
		6951949A1BFDFD7700C0E8C3 /* Images.xcassets */ = {isa = PBXFileReference; lastKnownFileType = folder.assetcatalog; path = Images.xcassets; sourceTree = "<group>"; };
		6951949D1BFDFD7700C0E8C3 /* Base */ = {isa = PBXFileReference; lastKnownFileType = file.xib; name = Base; path = Base.lproj/LaunchScreen.xib; sourceTree = "<group>"; };
		695194A31BFDFD7700C0E8C3 /* WeatherForecastTests.xctest */ = {isa = PBXFileReference; explicitFileType = wrapper.cfbundle; includeInIndex = 0; path = WeatherForecastTests.xctest; sourceTree = BUILT_PRODUCTS_DIR; };
		695194A81BFDFD7700C0E8C3 /* Info.plist */ = {isa = PBXFileReference; lastKnownFileType = text.plist.xml; path = Info.plist; sourceTree = "<group>"; };
		695194A91BFDFD7700C0E8C3 /* WeatherForecastTests.m */ = {isa = PBXFileReference; lastKnownFileType = sourcecode.c.objc; path = WeatherForecastTests.m; sourceTree = "<group>"; };
		695194B41BFDFF2100C0E8C3 /* weather.h */ = {isa = PBXFileReference; fileEncoding = 4; lastKnownFileType = sourcecode.c.h; path = weather.h; sourceTree = "<group>"; };
		695194B51BFDFF2100C0E8C3 /* weather.m */ = {isa = PBXFileReference; fileEncoding = 4; lastKnownFileType = sourcecode.c.objc; path = weather.m; sourceTree = "<group>"; };
		695194B71BFDFF2100C0E8C3 /* WeatherService.h */ = {isa = PBXFileReference; fileEncoding = 4; lastKnownFileType = sourcecode.c.h; path = WeatherService.h; sourceTree = "<group>"; };
		695194B81BFDFF2100C0E8C3 /* WeatherService.m */ = {isa = PBXFileReference; fileEncoding = 4; lastKnownFileType = sourcecode.c.objc; path = WeatherService.m; sourceTree = "<group>"; };
		695194BB1BFDFF3A00C0E8C3 /* Constants.h */ = {isa = PBXFileReference; fileEncoding = 4; lastKnownFileType = sourcecode.c.h; path = Constants.h; sourceTree = SOURCE_ROOT; };
/* End PBXFileReference section */

/* Begin PBXFrameworksBuildPhase section */
		695194871BFDFD7700C0E8C3 /* Frameworks */ = {
			isa = PBXFrameworksBuildPhase;
			buildActionMask = 2147483647;
			files = (
			);
			runOnlyForDeploymentPostprocessing = 0;
		};
		695194A01BFDFD7700C0E8C3 /* Frameworks */ = {
			isa = PBXFrameworksBuildPhase;
			buildActionMask = 2147483647;
			files = (
			);
			runOnlyForDeploymentPostprocessing = 0;
		};
/* End PBXFrameworksBuildPhase section */

/* Begin PBXGroup section */
		695194811BFDFD7700C0E8C3 = {
			isa = PBXGroup;
			children = (
				6951948C1BFDFD7700C0E8C3 /* WeatherForecast */,
				695194A61BFDFD7700C0E8C3 /* WeatherForecastTests */,
				6951948B1BFDFD7700C0E8C3 /* Products */,
			);
			sourceTree = "<group>";
		};
		6951948B1BFDFD7700C0E8C3 /* Products */ = {
			isa = PBXGroup;
			children = (
				6951948A1BFDFD7700C0E8C3 /* WeatherForecast.app */,
				695194A31BFDFD7700C0E8C3 /* WeatherForecastTests.xctest */,
			);
			name = Products;
			sourceTree = "<group>";
		};
		6951948C1BFDFD7700C0E8C3 /* WeatherForecast */ = {
			isa = PBXGroup;
			children = (
				695194BB1BFDFF3A00C0E8C3 /* Constants.h */,
				695194B31BFDFF2100C0E8C3 /* Models */,
				695194B61BFDFF2100C0E8C3 /* Services */,
				695194911BFDFD7700C0E8C3 /* AppDelegate.h */,
				695194921BFDFD7700C0E8C3 /* AppDelegate.m */,
				695194941BFDFD7700C0E8C3 /* ViewController.h */,
				695194951BFDFD7700C0E8C3 /* ViewController.m */,
				695194971BFDFD7700C0E8C3 /* Main.storyboard */,
				6951949A1BFDFD7700C0E8C3 /* Images.xcassets */,
				6951949C1BFDFD7700C0E8C3 /* LaunchScreen.xib */,
				6951948D1BFDFD7700C0E8C3 /* Supporting Files */,
			);
			path = WeatherForecast;
			sourceTree = "<group>";
		};
		6951948D1BFDFD7700C0E8C3 /* Supporting Files */ = {
			isa = PBXGroup;
			children = (
				6951948E1BFDFD7700C0E8C3 /* Info.plist */,
				6951948F1BFDFD7700C0E8C3 /* main.m */,
			);
			name = "Supporting Files";
			sourceTree = "<group>";
		};
		695194A61BFDFD7700C0E8C3 /* WeatherForecastTests */ = {
			isa = PBXGroup;
			children = (
				695194A91BFDFD7700C0E8C3 /* WeatherForecastTests.m */,
				695194A71BFDFD7700C0E8C3 /* Supporting Files */,
			);
			path = WeatherForecastTests;
			sourceTree = "<group>";
		};
		695194A71BFDFD7700C0E8C3 /* Supporting Files */ = {
			isa = PBXGroup;
			children = (
				695194A81BFDFD7700C0E8C3 /* Info.plist */,
			);
			name = "Supporting Files";
			sourceTree = "<group>";
		};
		695194B31BFDFF2100C0E8C3 /* Models */ = {
			isa = PBXGroup;
			children = (
				695194B41BFDFF2100C0E8C3 /* weather.h */,
				695194B51BFDFF2100C0E8C3 /* weather.m */,
			);
			path = Models;
			sourceTree = "<group>";
		};
		695194B61BFDFF2100C0E8C3 /* Services */ = {
			isa = PBXGroup;
			children = (
				695194B71BFDFF2100C0E8C3 /* WeatherService.h */,
				695194B81BFDFF2100C0E8C3 /* WeatherService.m */,
			);
			path = Services;
			sourceTree = "<group>";
		};
/* End PBXGroup section */

/* Begin PBXNativeTarget section */
		695194891BFDFD7700C0E8C3 /* WeatherForecast */ = {
			isa = PBXNativeTarget;
			buildConfigurationList = 695194AD1BFDFD7700C0E8C3 /* Build configuration list for PBXNativeTarget "WeatherForecast" */;
			buildPhases = (
				695194861BFDFD7700C0E8C3 /* Sources */,
				695194871BFDFD7700C0E8C3 /* Frameworks */,
				695194881BFDFD7700C0E8C3 /* Resources */,
			);
			buildRules = (
			);
			dependencies = (
			);
			name = WeatherForecast;
			productName = WeatherForecast;
			productReference = 6951948A1BFDFD7700C0E8C3 /* WeatherForecast.app */;
			productType = "com.apple.product-type.application";
		};
		695194A21BFDFD7700C0E8C3 /* WeatherForecastTests */ = {
			isa = PBXNativeTarget;
			buildConfigurationList = 695194B01BFDFD7700C0E8C3 /* Build configuration list for PBXNativeTarget "WeatherForecastTests" */;
			buildPhases = (
				6951949F1BFDFD7700C0E8C3 /* Sources */,
				695194A01BFDFD7700C0E8C3 /* Frameworks */,
				695194A11BFDFD7700C0E8C3 /* Resources */,
			);
			buildRules = (
			);
			dependencies = (
				695194A51BFDFD7700C0E8C3 /* PBXTargetDependency */,
			);
			name = WeatherForecastTests;
			productName = WeatherForecastTests;
			productReference = 695194A31BFDFD7700C0E8C3 /* WeatherForecastTests.xctest */;
			productType = "com.apple.product-type.bundle.unit-test";
		};
/* End PBXNativeTarget section */

/* Begin PBXProject section */
		695194821BFDFD7700C0E8C3 /* Project object */ = {
			isa = PBXProject;
			attributes = {
				LastUpgradeCheck = 0640;
				ORGANIZATIONNAME = Rajashekar;
				TargetAttributes = {
					695194891BFDFD7700C0E8C3 = {
						CreatedOnToolsVersion = 6.4;
					};
					695194A21BFDFD7700C0E8C3 = {
						CreatedOnToolsVersion = 6.4;
						TestTargetID = 695194891BFDFD7700C0E8C3;
					};
				};
			};
			buildConfigurationList = 695194851BFDFD7700C0E8C3 /* Build configuration list for PBXProject "WeatherForecast" */;
			compatibilityVersion = "Xcode 3.2";
			developmentRegion = English;
			hasScannedForEncodings = 0;
			knownRegions = (
				en,
				Base,
			);
			mainGroup = 695194811BFDFD7700C0E8C3;
			productRefGroup = 6951948B1BFDFD7700C0E8C3 /* Products */;
			projectDirPath = "";
			projectRoot = "";
			targets = (
				695194891BFDFD7700C0E8C3 /* WeatherForecast */,
				695194A21BFDFD7700C0E8C3 /* WeatherForecastTests */,
			);
		};
/* End PBXProject section */

/* Begin PBXResourcesBuildPhase section */
		695194881BFDFD7700C0E8C3 /* Resources */ = {
			isa = PBXResourcesBuildPhase;
			buildActionMask = 2147483647;
			files = (
				695194991BFDFD7700C0E8C3 /* Main.storyboard in Resources */,
				6951949E1BFDFD7700C0E8C3 /* LaunchScreen.xib in Resources */,
				6951949B1BFDFD7700C0E8C3 /* Images.xcassets in Resources */,
			);
			runOnlyForDeploymentPostprocessing = 0;
		};
		695194A11BFDFD7700C0E8C3 /* Resources */ = {
			isa = PBXResourcesBuildPhase;
			buildActionMask = 2147483647;
			files = (
			);
			runOnlyForDeploymentPostprocessing = 0;
		};
/* End PBXResourcesBuildPhase section */

/* Begin PBXSourcesBuildPhase section */
		695194861BFDFD7700C0E8C3 /* Sources */ = {
			isa = PBXSourcesBuildPhase;
			buildActionMask = 2147483647;
			files = (
				695194BA1BFDFF2100C0E8C3 /* WeatherService.m in Sources */,
				695194B91BFDFF2100C0E8C3 /* weather.m in Sources */,
				695194961BFDFD7700C0E8C3 /* ViewController.m in Sources */,
				695194931BFDFD7700C0E8C3 /* AppDelegate.m in Sources */,
				695194901BFDFD7700C0E8C3 /* main.m in Sources */,
			);
			runOnlyForDeploymentPostprocessing = 0;
		};
		6951949F1BFDFD7700C0E8C3 /* Sources */ = {
			isa = PBXSourcesBuildPhase;
			buildActionMask = 2147483647;
			files = (
				695194AA1BFDFD7700C0E8C3 /* WeatherForecastTests.m in Sources */,
			);
			runOnlyForDeploymentPostprocessing = 0;
		};
/* End PBXSourcesBuildPhase section */

/* Begin PBXTargetDependency section */
		695194A51BFDFD7700C0E8C3 /* PBXTargetDependency */ = {
			isa = PBXTargetDependency;
			target = 695194891BFDFD7700C0E8C3 /* WeatherForecast */;
			targetProxy = 695194A41BFDFD7700C0E8C3 /* PBXContainerItemProxy */;
		};
/* End PBXTargetDependency section */

/* Begin PBXVariantGroup section */
		695194971BFDFD7700C0E8C3 /* Main.storyboard */ = {
			isa = PBXVariantGroup;
			children = (
				695194981BFDFD7700C0E8C3 /* Base */,
			);
			name = Main.storyboard;
			sourceTree = "<group>";
		};
		6951949C1BFDFD7700C0E8C3 /* LaunchScreen.xib */ = {
			isa = PBXVariantGroup;
			children = (
				6951949D1BFDFD7700C0E8C3 /* Base */,
			);
			name = LaunchScreen.xib;
			sourceTree = "<group>";
		};
/* End PBXVariantGroup section */

/* Begin XCBuildConfiguration section */
		695194AB1BFDFD7700C0E8C3 /* Debug */ = {
			isa = XCBuildConfiguration;
			buildSettings = {
				ALWAYS_SEARCH_USER_PATHS = NO;
				CLANG_CXX_LANGUAGE_STANDARD = "gnu++0x";
				CLANG_CXX_LIBRARY = "libc++";
				CLANG_ENABLE_MODULES = YES;
				CLANG_ENABLE_OBJC_ARC = YES;
				CLANG_WARN_BOOL_CONVERSION = YES;
				CLANG_WARN_CONSTANT_CONVERSION = YES;
				CLANG_WARN_DIRECT_OBJC_ISA_USAGE = YES_ERROR;
				CLANG_WARN_EMPTY_BODY = YES;
				CLANG_WARN_ENUM_CONVERSION = YES;
				CLANG_WARN_INT_CONVERSION = YES;
				CLANG_WARN_OBJC_ROOT_CLASS = YES_ERROR;
				CLANG_WARN_UNREACHABLE_CODE = YES;
				CLANG_WARN__DUPLICATE_METHOD_MATCH = YES;
				"CODE_SIGN_IDENTITY[sdk=iphoneos*]" = "iPhone Developer";
				COPY_PHASE_STRIP = NO;
				DEBUG_INFORMATION_FORMAT = "dwarf-with-dsym";
				ENABLE_STRICT_OBJC_MSGSEND = YES;
				GCC_C_LANGUAGE_STANDARD = gnu99;
				GCC_DYNAMIC_NO_PIC = NO;
				GCC_NO_COMMON_BLOCKS = YES;
				GCC_OPTIMIZATION_LEVEL = 0;
				GCC_PREPROCESSOR_DEFINITIONS = (
					"DEBUG=1",
					"$(inherited)",
				);
				GCC_SYMBOLS_PRIVATE_EXTERN = NO;
				GCC_WARN_64_TO_32_BIT_CONVERSION = YES;
				GCC_WARN_ABOUT_RETURN_TYPE = YES_ERROR;
				GCC_WARN_UNDECLARED_SELECTOR = YES;
				GCC_WARN_UNINITIALIZED_AUTOS = YES_AGGRESSIVE;
				GCC_WARN_UNUSED_FUNCTION = YES;
				GCC_WARN_UNUSED_VARIABLE = YES;
				IPHONEOS_DEPLOYMENT_TARGET = 8.4;
				MTL_ENABLE_DEBUG_INFO = YES;
				ONLY_ACTIVE_ARCH = YES;
				SDKROOT = iphoneos;
			};
			name = Debug;
		};
		695194AC1BFDFD7700C0E8C3 /* Release */ = {
			isa = XCBuildConfiguration;
			buildSettings = {
				ALWAYS_SEARCH_USER_PATHS = NO;
				CLANG_CXX_LANGUAGE_STANDARD = "gnu++0x";
				CLANG_CXX_LIBRARY = "libc++";
				CLANG_ENABLE_MODULES = YES;
				CLANG_ENABLE_OBJC_ARC = YES;
				CLANG_WARN_BOOL_CONVERSION = YES;
				CLANG_WARN_CONSTANT_CONVERSION = YES;
				CLANG_WARN_DIRECT_OBJC_ISA_USAGE = YES_ERROR;
				CLANG_WARN_EMPTY_BODY = YES;
				CLANG_WARN_ENUM_CONVERSION = YES;
				CLANG_WARN_INT_CONVERSION = YES;
				CLANG_WARN_OBJC_ROOT_CLASS = YES_ERROR;
				CLANG_WARN_UNREACHABLE_CODE = YES;
				CLANG_WARN__DUPLICATE_METHOD_MATCH = YES;
				"CODE_SIGN_IDENTITY[sdk=iphoneos*]" = "iPhone Developer";
				COPY_PHASE_STRIP = NO;
				DEBUG_INFORMATION_FORMAT = "dwarf-with-dsym";
				ENABLE_NS_ASSERTIONS = NO;
				ENABLE_STRICT_OBJC_MSGSEND = YES;
				GCC_C_LANGUAGE_STANDARD = gnu99;
				GCC_NO_COMMON_BLOCKS = YES;
				GCC_WARN_64_TO_32_BIT_CONVERSION = YES;
				GCC_WARN_ABOUT_RETURN_TYPE = YES_ERROR;
				GCC_WARN_UNDECLARED_SELECTOR = YES;
				GCC_WARN_UNINITIALIZED_AUTOS = YES_AGGRESSIVE;
				GCC_WARN_UNUSED_FUNCTION = YES;
				GCC_WARN_UNUSED_VARIABLE = YES;
				IPHONEOS_DEPLOYMENT_TARGET = 8.4;
				MTL_ENABLE_DEBUG_INFO = NO;
				SDKROOT = iphoneos;
				VALIDATE_PRODUCT = YES;
			};
			name = Release;
		};
		695194AE1BFDFD7700C0E8C3 /* Debug */ = {
			isa = XCBuildConfiguration;
			buildSettings = {
				ASSETCATALOG_COMPILER_APPICON_NAME = AppIcon;
				INFOPLIST_FILE = WeatherForecast/Info.plist;
				LD_RUNPATH_SEARCH_PATHS = "$(inherited) @executable_path/Frameworks";
				PRODUCT_NAME = "$(TARGET_NAME)";
			};
			name = Debug;
		};
		695194AF1BFDFD7700C0E8C3 /* Release */ = {
			isa = XCBuildConfiguration;
			buildSettings = {
				ASSETCATALOG_COMPILER_APPICON_NAME = AppIcon;
				INFOPLIST_FILE = WeatherForecast/Info.plist;
				LD_RUNPATH_SEARCH_PATHS = "$(inherited) @executable_path/Frameworks";
				PRODUCT_NAME = "$(TARGET_NAME)";
			};
			name = Release;
		};
		695194B11BFDFD7700C0E8C3 /* Debug */ = {
			isa = XCBuildConfiguration;
			buildSettings = {
				BUNDLE_LOADER = "$(TEST_HOST)";
				FRAMEWORK_SEARCH_PATHS = (
					"$(SDKROOT)/Developer/Library/Frameworks",
					"$(inherited)",
				);
				GCC_PREPROCESSOR_DEFINITIONS = (
					"DEBUG=1",
					"$(inherited)",
				);
				INFOPLIST_FILE = WeatherForecastTests/Info.plist;
				LD_RUNPATH_SEARCH_PATHS = "$(inherited) @executable_path/Frameworks @loader_path/Frameworks";
				PRODUCT_NAME = "$(TARGET_NAME)";
				TEST_HOST = "$(BUILT_PRODUCTS_DIR)/WeatherForecast.app/WeatherForecast";
			};
			name = Debug;
		};
		695194B21BFDFD7700C0E8C3 /* Release */ = {
			isa = XCBuildConfiguration;
			buildSettings = {
				BUNDLE_LOADER = "$(TEST_HOST)";
				FRAMEWORK_SEARCH_PATHS = (
					"$(SDKROOT)/Developer/Library/Frameworks",
					"$(inherited)",
				);
				INFOPLIST_FILE = WeatherForecastTests/Info.plist;
				LD_RUNPATH_SEARCH_PATHS = "$(inherited) @executable_path/Frameworks @loader_path/Frameworks";
				PRODUCT_NAME = "$(TARGET_NAME)";
				TEST_HOST = "$(BUILT_PRODUCTS_DIR)/WeatherForecast.app/WeatherForecast";
			};
			name = Release;
		};
/* End XCBuildConfiguration section */

/* Begin XCConfigurationList section */
		695194851BFDFD7700C0E8C3 /* Build configuration list for PBXProject "WeatherForecast" */ = {
			isa = XCConfigurationList;
			buildConfigurations = (
				695194AB1BFDFD7700C0E8C3 /* Debug */,
				695194AC1BFDFD7700C0E8C3 /* Release */,
			);
			defaultConfigurationIsVisible = 0;
			defaultConfigurationName = Release;
		};
		695194AD1BFDFD7700C0E8C3 /* Build configuration list for PBXNativeTarget "WeatherForecast" */ = {
			isa = XCConfigurationList;
			buildConfigurations = (
				695194AE1BFDFD7700C0E8C3 /* Debug */,
				695194AF1BFDFD7700C0E8C3 /* Release */,
			);
			defaultConfigurationIsVisible = 0;
			defaultConfigurationName = Release;
		};
		695194B01BFDFD7700C0E8C3 /* Build configuration list for PBXNativeTarget "WeatherForecastTests" */ = {
			isa = XCConfigurationList;
			buildConfigurations = (
				695194B11BFDFD7700C0E8C3 /* Debug */,
				695194B21BFDFD7700C0E8C3 /* Release */,
			);
			defaultConfigurationIsVisible = 0;
			defaultConfigurationName = Release;
		};
/* End XCConfigurationList section */
	};
	rootObject = 695194821BFDFD7700C0E8C3 /* Project object */;
}
